
Microsoft Visual Studio Solution File, Format Version 12.00
# Visual Studio Version 16
VisualStudioVersion = 16.0.30804.86
MinimumVisualStudioVersion = 10.0.40219.1
Project("{FAE04EC0-301F-11D3-BF4B-00C04F79EFBC}") = "BOL(BusinessObjectLayer)", "BOL(BusinessObjectLayer)\BOL(BusinessObjectLayer).csproj", "{C3186CB0-8C78-4808-8F0A-607E104F142F}"
EndProject
Project("{FAE04EC0-301F-11D3-BF4B-00C04F79EFBC}") = "BLL(BusinessLogicLayer)", "BLL(BusinessLogicLayer)\BLL(BusinessLogicLayer).csproj", "{E2853C7A-8302-4640-8A3D-39CC685D388A}"
EndProject
Project("{FAE04EC0-301F-11D3-BF4B-00C04F79EFBC}") = "DAL(DataAccessLayer)", "DAL(DataAccessLayer)\DAL(DataAccessLayer).csproj", "{181CF01A-53BF-43A4-BCB9-9D13DAE371EC}"
EndProject
Project("{FAE04EC0-301F-11D3-BF4B-00C04F79EFBC}") = "UI(UserInterface)", "UI(UserInterface)\UI(UserInterface).csproj", "{9E5C436D-27DC-4761-ABF7-C4174C60359D}"
EndProject
Global
	GlobalSection(SolutionConfigurationPlatforms) = preSolution
		Debug|Any CPU = Debug|Any CPU
		Release|Any CPU = Release|Any CPU
	EndGlobalSection
	GlobalSection(ProjectConfigurationPlatforms) = postSolution
		{C3186CB0-8C78-4808-8F0A-607E104F142F}.Debug|Any CPU.ActiveCfg = Debug|Any CPU
		{C3186CB0-8C78-4808-8F0A-607E104F142F}.Debug|Any CPU.Build.0 = Debug|Any CPU
		{C3186CB0-8C78-4808-8F0A-607E104F142F}.Release|Any CPU.ActiveCfg = Release|Any CPU
		{C3186CB0-8C78-4808-8F0A-607E104F142F}.Release|Any CPU.Build.0 = Release|Any CPU
		{E2853C7A-8302-4640-8A3D-39CC685D388A}.Debug|Any CPU.ActiveCfg = Debug|Any CPU
		{E2853C7A-8302-4640-8A3D-39CC685D388A}.Debug|Any CPU.Build.0 = Debug|Any CPU
		{E2853C7A-8302-4640-8A3D-39CC685D388A}.Release|Any CPU.ActiveCfg = Release|Any CPU
		{E2853C7A-8302-4640-8A3D-39CC685D388A}.Release|Any CPU.Build.0 = Release|Any CPU
		{181CF01A-53BF-43A4-BCB9-9D13DAE371EC}.Debug|Any CPU.ActiveCfg = Debug|Any CPU
		{181CF01A-53BF-43A4-BCB9-9D13DAE371EC}.Debug|Any CPU.Build.0 = Debug|Any CPU
		{181CF01A-53BF-43A4-BCB9-9D13DAE371EC}.Release|Any CPU.ActiveCfg = Release|Any CPU
		{181CF01A-53BF-43A4-BCB9-9D13DAE371EC}.Release|Any CPU.Build.0 = Release|Any CPU
		{9E5C436D-27DC-4761-ABF7-C4174C60359D}.Debug|Any CPU.ActiveCfg = Debug|Any CPU
		{9E5C436D-27DC-4761-ABF7-C4174C60359D}.Debug|Any CPU.Build.0 = Debug|Any CPU
		{9E5C436D-27DC-4761-ABF7-C4174C60359D}.Release|Any CPU.ActiveCfg = Release|Any CPU
		{9E5C436D-27DC-4761-ABF7-C4174C60359D}.Release|Any CPU.Build.0 = Release|Any CPU
	EndGlobalSection
	GlobalSection(SolutionProperties) = preSolution
		HideSolutionNode = FALSE
	EndGlobalSection
	GlobalSection(ExtensibilityGlobals) = postSolution
		SolutionGuid = {CFB9DFCE-5783-4940-BACF-2C470C989ACA}
	EndGlobalSection
EndGlobal
